
Microsoft Visual Studio Solution File, Format Version 12.00
# Visual Studio 15
VisualStudioVersion = 15.0.28010.2048
MinimumVisualStudioVersion = 10.0.40219.1
Project("{FAE04EC0-301F-11D3-BF4B-00C04F79EFBC}") = "MotivationJournal", "MotivationJournal\MotivationJournal.csproj", "{6A485E71-4FD5-4932-9772-A92B73AF0E83}"
EndProject
Project("{FAE04EC0-301F-11D3-BF4B-00C04F79EFBC}") = "AppWindows", "AppWindows\AppWindows.csproj", "{4FC7811E-1B62-4903-8E0D-4AD63CC3123E}"
EndProject
Global
	GlobalSection(SolutionConfigurationPlatforms) = preSolution
		Debug|Any CPU = Debug|Any CPU
		Release|Any CPU = Release|Any CPU
	EndGlobalSection
	GlobalSection(ProjectConfigurationPlatforms) = postSolution
		{6A485E71-4FD5-4932-9772-A92B73AF0E83}.Debug|Any CPU.ActiveCfg = Debug|Any CPU
		{6A485E71-4FD5-4932-9772-A92B73AF0E83}.Debug|Any CPU.Build.0 = Debug|Any CPU
		{6A485E71-4FD5-4932-9772-A92B73AF0E83}.Release|Any CPU.ActiveCfg = Release|Any CPU
		{6A485E71-4FD5-4932-9772-A92B73AF0E83}.Release|Any CPU.Build.0 = Release|Any CPU
		{4FC7811E-1B62-4903-8E0D-4AD63CC3123E}.Debug|Any CPU.ActiveCfg = Debug|Any CPU
		{4FC7811E-1B62-4903-8E0D-4AD63CC3123E}.Debug|Any CPU.Build.0 = Debug|Any CPU
		{4FC7811E-1B62-4903-8E0D-4AD63CC3123E}.Release|Any CPU.ActiveCfg = Release|Any CPU
		{4FC7811E-1B62-4903-8E0D-4AD63CC3123E}.Release|Any CPU.Build.0 = Release|Any CPU
	EndGlobalSection
	GlobalSection(SolutionProperties) = preSolution
		HideSolutionNode = FALSE
	EndGlobalSection
	GlobalSection(ExtensibilityGlobals) = postSolution
		SolutionGuid = {E4F72FA6-10F1-4FFF-94AE-67D5B411555C}
	EndGlobalSection
EndGlobal
